
Microsoft Visual Studio Solution File, Format Version 12.00
# Visual Studio Version 16
VisualStudioVersion = 16.0.31112.23
MinimumVisualStudioVersion = 10.0.40219.1
Project("{FAE04EC0-301F-11D3-BF4B-00C04F79EFBC}") = "PlayGroundServer", "PlayGroundServer.csproj", "{6DF88C97-2CAA-45F6-A434-BD4E963DD629}"
EndProject
Global
	GlobalSection(SolutionConfigurationPlatforms) = preSolution
		Debug|Any CPU = Debug|Any CPU
		Release|Any CPU = Release|Any CPU
	EndGlobalSection
	GlobalSection(ProjectConfigurationPlatforms) = postSolution
		{6DF88C97-2CAA-45F6-A434-BD4E963DD629}.Debug|Any CPU.ActiveCfg = Debug|Any CPU
		{6DF88C97-2CAA-45F6-A434-BD4E963DD629}.Debug|Any CPU.Build.0 = Debug|Any CPU
		{6DF88C97-2CAA-45F6-A434-BD4E963DD629}.Release|Any CPU.ActiveCfg = Release|Any CPU
		{6DF88C97-2CAA-45F6-A434-BD4E963DD629}.Release|Any CPU.Build.0 = Release|Any CPU
	EndGlobalSection
	GlobalSection(SolutionProperties) = preSolution
		HideSolutionNode = FALSE
	EndGlobalSection
	GlobalSection(ExtensibilityGlobals) = postSolution
		SolutionGuid = {124EE147-B696-436E-95F7-D3B3522B46C9}
	EndGlobalSection
EndGlobal
